
Microsoft Visual Studio Solution File, Format Version 12.00
# Visual Studio Version 17
VisualStudioVersion = 17.6.33717.318
MinimumVisualStudioVersion = 10.0.40219.1
Project("{FAE04EC0-301F-11D3-BF4B-00C04F79EFBC}") = "Phonebook Application", "Phonebook Application\Phonebook Application.csproj", "{26190858-DAE8-4795-8C2F-948833D281BE}"
EndProject
Global
	GlobalSection(SolutionConfigurationPlatforms) = preSolution
		Debug|Any CPU = Debug|Any CPU
		Release|Any CPU = Release|Any CPU
	EndGlobalSection
	GlobalSection(ProjectConfigurationPlatforms) = postSolution
		{26190858-DAE8-4795-8C2F-948833D281BE}.Debug|Any CPU.ActiveCfg = Debug|Any CPU
		{26190858-DAE8-4795-8C2F-948833D281BE}.Debug|Any CPU.Build.0 = Debug|Any CPU
		{26190858-DAE8-4795-8C2F-948833D281BE}.Release|Any CPU.ActiveCfg = Release|Any CPU
		{26190858-DAE8-4795-8C2F-948833D281BE}.Release|Any CPU.Build.0 = Release|Any CPU
	EndGlobalSection
	GlobalSection(SolutionProperties) = preSolution
		HideSolutionNode = FALSE
	EndGlobalSection
	GlobalSection(ExtensibilityGlobals) = postSolution
		SolutionGuid = {ED94D09B-32E1-49B0-B39D-0C550E370C07}
	EndGlobalSection
EndGlobal
